// !$*UTF8*$!
{
	archiveVersion = 1;
	classes = {
	};
	objectVersion = 46;
	objects = {

/* Begin PBXBuildFile section */
		3B879B981C9E788400BD8DDC /* AppDelegate.swift in Sources */ = {isa = PBXBuildFile; fileRef = 3B879B971C9E788400BD8DDC /* AppDelegate.swift */; };
		3B879B9A1C9E788400BD8DDC /* ViewController.swift in Sources */ = {isa = PBXBuildFile; fileRef = 3B879B991C9E788400BD8DDC /* ViewController.swift */; };
		3B879B9D1C9E788400BD8DDC /* Main.storyboard in Resources */ = {isa = PBXBuildFile; fileRef = 3B879B9B1C9E788400BD8DDC /* Main.storyboard */; };
		3B879B9F1C9E788400BD8DDC /* Assets.xcassets in Resources */ = {isa = PBXBuildFile; fileRef = 3B879B9E1C9E788400BD8DDC /* Assets.xcassets */; };
		3B879BA21C9E788400BD8DDC /* LaunchScreen.storyboard in Resources */ = {isa = PBXBuildFile; fileRef = 3B879BA01C9E788400BD8DDC /* LaunchScreen.storyboard */; };
		3B879BAD1C9E788400BD8DDC /* PhotoCameraTests.swift in Sources */ = {isa = PBXBuildFile; fileRef = 3B879BAC1C9E788400BD8DDC /* PhotoCameraTests.swift */; };
		3B879BB81C9E788400BD8DDC /* PhotoCameraUITests.swift in Sources */ = {isa = PBXBuildFile; fileRef = 3B879BB71C9E788400BD8DDC /* PhotoCameraUITests.swift */; };
		3B879BC61C9E7F1B00BD8DDC /* PhotoViewController.swift in Sources */ = {isa = PBXBuildFile; fileRef = 3B879BC51C9E7F1B00BD8DDC /* PhotoViewController.swift */; };
/* End PBXBuildFile section */

/* Begin PBXContainerItemProxy section */
		3B879BA91C9E788400BD8DDC /* PBXContainerItemProxy */ = {
			isa = PBXContainerItemProxy;
			containerPortal = 3B879B8C1C9E788400BD8DDC /* Project object */;
			proxyType = 1;
			remoteGlobalIDString = 3B879B931C9E788400BD8DDC;
			remoteInfo = PhotoCamera;
		};
		3B879BB41C9E788400BD8DDC /* PBXContainerItemProxy */ = {
			isa = PBXContainerItemProxy;
			containerPortal = 3B879B8C1C9E788400BD8DDC /* Project object */;
			proxyType = 1;
			remoteGlobalIDString = 3B879B931C9E788400BD8DDC;
			remoteInfo = PhotoCamera;
		};
/* End PBXContainerItemProxy section */

/* Begin PBXFileReference section */
		3B879B941C9E788400BD8DDC /* EsieteCamera.app */ = {isa = PBXFileReference; explicitFileType = wrapper.application; includeInIndex = 0; path = EsieteCamera.app; sourceTree = BUILT_PRODUCTS_DIR; };
		3B879B971C9E788400BD8DDC /* AppDelegate.swift */ = {isa = PBXFileReference; lastKnownFileType = sourcecode.swift; path = AppDelegate.swift; sourceTree = "<group>"; };
		3B879B991C9E788400BD8DDC /* ViewController.swift */ = {isa = PBXFileReference; lastKnownFileType = sourcecode.swift; path = ViewController.swift; sourceTree = "<group>"; };
		3B879B9C1C9E788400BD8DDC /* Base */ = {isa = PBXFileReference; lastKnownFileType = file.storyboard; name = Base; path = Base.lproj/Main.storyboard; sourceTree = "<group>"; };
		3B879B9E1C9E788400BD8DDC /* Assets.xcassets */ = {isa = PBXFileReference; lastKnownFileType = folder.assetcatalog; path = Assets.xcassets; sourceTree = "<group>"; };
		3B879BA11C9E788400BD8DDC /* Base */ = {isa = PBXFileReference; lastKnownFileType = file.storyboard; name = Base; path = Base.lproj/LaunchScreen.storyboard; sourceTree = "<group>"; };
		3B879BA31C9E788400BD8DDC /* Info.plist */ = {isa = PBXFileReference; lastKnownFileType = text.plist.xml; path = Info.plist; sourceTree = "<group>"; };
		3B879BA81C9E788400BD8DDC /* EsieteCamera.xctest */ = {isa = PBXFileReference; explicitFileType = wrapper.cfbundle; includeInIndex = 0; path = EsieteCamera.xctest; sourceTree = BUILT_PRODUCTS_DIR; };
		3B879BAC1C9E788400BD8DDC /* PhotoCameraTests.swift */ = {isa = PBXFileReference; lastKnownFileType = sourcecode.swift; path = PhotoCameraTests.swift; sourceTree = "<group>"; };
		3B879BAE1C9E788400BD8DDC /* Info.plist */ = {isa = PBXFileReference; lastKnownFileType = text.plist.xml; path = Info.plist; sourceTree = "<group>"; };
		3B879BB31C9E788400BD8DDC /* EsieteCamera.xctest */ = {isa = PBXFileReference; explicitFileType = wrapper.cfbundle; includeInIndex = 0; path = EsieteCamera.xctest; sourceTree = BUILT_PRODUCTS_DIR; };
		3B879BB71C9E788400BD8DDC /* PhotoCameraUITests.swift */ = {isa = PBXFileReference; lastKnownFileType = sourcecode.swift; path = PhotoCameraUITests.swift; sourceTree = "<group>"; };
		3B879BB91C9E788400BD8DDC /* Info.plist */ = {isa = PBXFileReference; lastKnownFileType = text.plist.xml; path = Info.plist; sourceTree = "<group>"; };
		3B879BC51C9E7F1B00BD8DDC /* PhotoViewController.swift */ = {isa = PBXFileReference; fileEncoding = 4; lastKnownFileType = sourcecode.swift; path = PhotoViewController.swift; sourceTree = "<group>"; };
/* End PBXFileReference section */

/* Begin PBXFrameworksBuildPhase section */
		3B879B911C9E788400BD8DDC /* Frameworks */ = {
			isa = PBXFrameworksBuildPhase;
			buildActionMask = 2147483647;
			files = (
			);
			runOnlyForDeploymentPostprocessing = 0;
		};
		3B879BA51C9E788400BD8DDC /* Frameworks */ = {
			isa = PBXFrameworksBuildPhase;
			buildActionMask = 2147483647;
			files = (
			);
			runOnlyForDeploymentPostprocessing = 0;
		};
		3B879BB01C9E788400BD8DDC /* Frameworks */ = {
			isa = PBXFrameworksBuildPhase;
			buildActionMask = 2147483647;
			files = (
			);
			runOnlyForDeploymentPostprocessing = 0;
		};
/* End PBXFrameworksBuildPhase section */

/* Begin PBXGroup section */
		3B879B8B1C9E788400BD8DDC = {
			isa = PBXGroup;
			children = (
				3B879B961C9E788400BD8DDC /* PhotoCamera */,
				3B879BAB1C9E788400BD8DDC /* PhotoCameraTests */,
				3B879BB61C9E788400BD8DDC /* PhotoCameraUITests */,
				3B879B951C9E788400BD8DDC /* Products */,
			);
			sourceTree = "<group>";
		};
		3B879B951C9E788400BD8DDC /* Products */ = {
			isa = PBXGroup;
			children = (
				3B879B941C9E788400BD8DDC /* EsieteCamera.app */,
				3B879BA81C9E788400BD8DDC /* EsieteCamera.xctest */,
				3B879BB31C9E788400BD8DDC /* EsieteCamera.xctest */,
			);
			name = Products;
			sourceTree = "<group>";
		};
		3B879B961C9E788400BD8DDC /* PhotoCamera */ = {
			isa = PBXGroup;
			children = (
				3B879B971C9E788400BD8DDC /* AppDelegate.swift */,
				3B879B991C9E788400BD8DDC /* ViewController.swift */,
				3B879BC51C9E7F1B00BD8DDC /* PhotoViewController.swift */,
				3B879B9B1C9E788400BD8DDC /* Main.storyboard */,
				3B879B9E1C9E788400BD8DDC /* Assets.xcassets */,
				3B879BA01C9E788400BD8DDC /* LaunchScreen.storyboard */,
				3B879BA31C9E788400BD8DDC /* Info.plist */,
			);
			path = PhotoCamera;
			sourceTree = "<group>";
		};
		3B879BAB1C9E788400BD8DDC /* PhotoCameraTests */ = {
			isa = PBXGroup;
			children = (
				3B879BAC1C9E788400BD8DDC /* PhotoCameraTests.swift */,
				3B879BAE1C9E788400BD8DDC /* Info.plist */,
			);
			path = PhotoCameraTests;
			sourceTree = "<group>";
		};
		3B879BB61C9E788400BD8DDC /* PhotoCameraUITests */ = {
			isa = PBXGroup;
			children = (
				3B879BB71C9E788400BD8DDC /* PhotoCameraUITests.swift */,
				3B879BB91C9E788400BD8DDC /* Info.plist */,
			);
			path = PhotoCameraUITests;
			sourceTree = "<group>";
		};
/* End PBXGroup section */

/* Begin PBXNativeTarget section */
		3B879B931C9E788400BD8DDC /* EsieteCamera */ = {
			isa = PBXNativeTarget;
			buildConfigurationList = 3B879BBC1C9E788400BD8DDC /* Build configuration list for PBXNativeTarget "EsieteCamera" */;
			buildPhases = (
				3B879B901C9E788400BD8DDC /* Sources */,
				3B879B911C9E788400BD8DDC /* Frameworks */,
				3B879B921C9E788400BD8DDC /* Resources */,
			);
			buildRules = (
			);
			dependencies = (
			);
			name = EsieteCamera;
			productName = PhotoCamera;
			productReference = 3B879B941C9E788400BD8DDC /* EsieteCamera.app */;
			productType = "com.apple.product-type.application";
		};
		3B879BA71C9E788400BD8DDC /* EsieteCameraTests */ = {
			isa = PBXNativeTarget;
			buildConfigurationList = 3B879BBF1C9E788400BD8DDC /* Build configuration list for PBXNativeTarget "EsieteCameraTests" */;
			buildPhases = (
				3B879BA41C9E788400BD8DDC /* Sources */,
				3B879BA51C9E788400BD8DDC /* Frameworks */,
				3B879BA61C9E788400BD8DDC /* Resources */,
			);
			buildRules = (
			);
			dependencies = (
				3B879BAA1C9E788400BD8DDC /* PBXTargetDependency */,
			);
			name = EsieteCameraTests;
			productName = PhotoCameraTests;
			productReference = 3B879BA81C9E788400BD8DDC /* EsieteCamera.xctest */;
			productType = "com.apple.product-type.bundle.unit-test";
		};
		3B879BB21C9E788400BD8DDC /* EsieteCameraUITests */ = {
			isa = PBXNativeTarget;
			buildConfigurationList = 3B879BC21C9E788400BD8DDC /* Build configuration list for PBXNativeTarget "EsieteCameraUITests" */;
			buildPhases = (
				3B879BAF1C9E788400BD8DDC /* Sources */,
				3B879BB01C9E788400BD8DDC /* Frameworks */,
				3B879BB11C9E788400BD8DDC /* Resources */,
			);
			buildRules = (
			);
			dependencies = (
				3B879BB51C9E788400BD8DDC /* PBXTargetDependency */,
			);
			name = EsieteCameraUITests;
			productName = PhotoCameraUITests;
			productReference = 3B879BB31C9E788400BD8DDC /* EsieteCamera.xctest */;
			productType = "com.apple.product-type.bundle.ui-testing";
		};
/* End PBXNativeTarget section */

/* Begin PBXProject section */
		3B879B8C1C9E788400BD8DDC /* Project object */ = {
			isa = PBXProject;
			attributes = {
				LastSwiftUpdateCheck = 0720;
				LastUpgradeCheck = 0720;
				ORGANIZATIONNAME = "Mengistayehu Mamo";
				TargetAttributes = {
					3B879B931C9E788400BD8DDC = {
						CreatedOnToolsVersion = 7.2.1;
						DevelopmentTeam = 35DUXXMQX2;
					};
					3B879BA71C9E788400BD8DDC = {
						CreatedOnToolsVersion = 7.2.1;
						TestTargetID = 3B879B931C9E788400BD8DDC;
					};
					3B879BB21C9E788400BD8DDC = {
						CreatedOnToolsVersion = 7.2.1;
						TestTargetID = 3B879B931C9E788400BD8DDC;
					};
				};
			};
			buildConfigurationList = 3B879B8F1C9E788400BD8DDC /* Build configuration list for PBXProject "EsieteCamera" */;
			compatibilityVersion = "Xcode 3.2";
			developmentRegion = English;
			hasScannedForEncodings = 0;
			knownRegions = (
				en,
				Base,
			);
			mainGroup = 3B879B8B1C9E788400BD8DDC;
			productRefGroup = 3B879B951C9E788400BD8DDC /* Products */;
			projectDirPath = "";
			projectRoot = "";
			targets = (
				3B879B931C9E788400BD8DDC /* EsieteCamera */,
				3B879BA71C9E788400BD8DDC /* EsieteCameraTests */,
				3B879BB21C9E788400BD8DDC /* EsieteCameraUITests */,
			);
		};
/* End PBXProject section */

/* Begin PBXResourcesBuildPhase section */
		3B879B921C9E788400BD8DDC /* Resources */ = {
			isa = PBXResourcesBuildPhase;
			buildActionMask = 2147483647;
			files = (
				3B879BA21C9E788400BD8DDC /* LaunchScreen.storyboard in Resources */,
				3B879B9F1C9E788400BD8DDC /* Assets.xcassets in Resources */,
				3B879B9D1C9E788400BD8DDC /* Main.storyboard in Resources */,
			);
			runOnlyForDeploymentPostprocessing = 0;
		};
		3B879BA61C9E788400BD8DDC /* Resources */ = {
			isa = PBXResourcesBuildPhase;
			buildActionMask = 2147483647;
			files = (
			);
			runOnlyForDeploymentPostprocessing = 0;
		};
		3B879BB11C9E788400BD8DDC /* Resources */ = {
			isa = PBXResourcesBuildPhase;
			buildActionMask = 2147483647;
			files = (
			);
			runOnlyForDeploymentPostprocessing = 0;
		};
/* End PBXResourcesBuildPhase section */

/* Begin PBXSourcesBuildPhase section */
		3B879B901C9E788400BD8DDC /* Sources */ = {
			isa = PBXSourcesBuildPhase;
			buildActionMask = 2147483647;
			files = (
				3B879B9A1C9E788400BD8DDC /* ViewController.swift in Sources */,
				3B879B981C9E788400BD8DDC /* AppDelegate.swift in Sources */,
				3B879BC61C9E7F1B00BD8DDC /* PhotoViewController.swift in Sources */,
			);
			runOnlyForDeploymentPostprocessing = 0;
		};
		3B879BA41C9E788400BD8DDC /* Sources */ = {
			isa = PBXSourcesBuildPhase;
			buildActionMask = 2147483647;
			files = (
				3B879BAD1C9E788400BD8DDC /* PhotoCameraTests.swift in Sources */,
			);
			runOnlyForDeploymentPostprocessing = 0;
		};
		3B879BAF1C9E788400BD8DDC /* Sources */ = {
			isa = PBXSourcesBuildPhase;
			buildActionMask = 2147483647;
			files = (
				3B879BB81C9E788400BD8DDC /* PhotoCameraUITests.swift in Sources */,
			);
			runOnlyForDeploymentPostprocessing = 0;
		};
/* End PBXSourcesBuildPhase section */

/* Begin PBXTargetDependency section */
		3B879BAA1C9E788400BD8DDC /* PBXTargetDependency */ = {
			isa = PBXTargetDependency;
			target = 3B879B931C9E788400BD8DDC /* EsieteCamera */;
			targetProxy = 3B879BA91C9E788400BD8DDC /* PBXContainerItemProxy */;
		};
		3B879BB51C9E788400BD8DDC /* PBXTargetDependency */ = {
			isa = PBXTargetDependency;
			target = 3B879B931C9E788400BD8DDC /* EsieteCamera */;
			targetProxy = 3B879BB41C9E788400BD8DDC /* PBXContainerItemProxy */;
		};
/* End PBXTargetDependency section */

/* Begin PBXVariantGroup section */
		3B879B9B1C9E788400BD8DDC /* Main.storyboard */ = {
			isa = PBXVariantGroup;
			children = (
				3B879B9C1C9E788400BD8DDC /* Base */,
			);
			name = Main.storyboard;
			sourceTree = "<group>";
		};
		3B879BA01C9E788400BD8DDC /* LaunchScreen.storyboard */ = {
			isa = PBXVariantGroup;
			children = (
				3B879BA11C9E788400BD8DDC /* Base */,
			);
			name = LaunchScreen.storyboard;
			sourceTree = "<group>";
		};
/* End PBXVariantGroup section */

/* Begin XCBuildConfiguration section */
		3B879BBA1C9E788400BD8DDC /* Debug */ = {
			isa = XCBuildConfiguration;
			buildSettings = {
				ALWAYS_SEARCH_USER_PATHS = NO;
				CLANG_CXX_LANGUAGE_STANDARD = "gnu++0x";
				CLANG_CXX_LIBRARY = "libc++";
				CLANG_ENABLE_MODULES = YES;
				CLANG_ENABLE_OBJC_ARC = YES;
				CLANG_WARN_BOOL_CONVERSION = YES;
				CLANG_WARN_CONSTANT_CONVERSION = YES;
				CLANG_WARN_DIRECT_OBJC_ISA_USAGE = YES_ERROR;
				CLANG_WARN_EMPTY_BODY = YES;
				CLANG_WARN_ENUM_CONVERSION = YES;
				CLANG_WARN_INT_CONVERSION = YES;
				CLANG_WARN_OBJC_ROOT_CLASS = YES_ERROR;
				CLANG_WARN_UNREACHABLE_CODE = YES;
				CLANG_WARN__DUPLICATE_METHOD_MATCH = YES;
				"CODE_SIGN_IDENTITY[sdk=iphoneos*]" = "iPhone Developer";
				COPY_PHASE_STRIP = NO;
				DEBUG_INFORMATION_FORMAT = dwarf;
				ENABLE_STRICT_OBJC_MSGSEND = YES;
				ENABLE_TESTABILITY = YES;
				GCC_C_LANGUAGE_STANDARD = gnu99;
				GCC_DYNAMIC_NO_PIC = NO;
				GCC_NO_COMMON_BLOCKS = YES;
				GCC_OPTIMIZATION_LEVEL = 0;
				GCC_PREPROCESSOR_DEFINITIONS = (
					"DEBUG=1",
					"$(inherited)",
				);
				GCC_WARN_64_TO_32_BIT_CONVERSION = YES;
				GCC_WARN_ABOUT_RETURN_TYPE = YES_ERROR;
				GCC_WARN_UNDECLARED_SELECTOR = YES;
				GCC_WARN_UNINITIALIZED_AUTOS = YES_AGGRESSIVE;
				GCC_WARN_UNUSED_FUNCTION = YES;
				GCC_WARN_UNUSED_VARIABLE = YES;
				IPHONEOS_DEPLOYMENT_TARGET = 9.2;
				MTL_ENABLE_DEBUG_INFO = YES;
				ONLY_ACTIVE_ARCH = YES;
				SDKROOT = iphoneos;
				SWIFT_OPTIMIZATION_LEVEL = "-Onone";
			};
			name = Debug;
		};
		3B879BBB1C9E788400BD8DDC /* Release */ = {
			isa = XCBuildConfiguration;
			buildSettings = {
				ALWAYS_SEARCH_USER_PATHS = NO;
				CLANG_CXX_LANGUAGE_STANDARD = "gnu++0x";
				CLANG_CXX_LIBRARY = "libc++";
				CLANG_ENABLE_MODULES = YES;
				CLANG_ENABLE_OBJC_ARC = YES;
				CLANG_WARN_BOOL_CONVERSION = YES;
				CLANG_WARN_CONSTANT_CONVERSION = YES;
				CLANG_WARN_DIRECT_OBJC_ISA_USAGE = YES_ERROR;
				CLANG_WARN_EMPTY_BODY = YES;
				CLANG_WARN_ENUM_CONVERSION = YES;
				CLANG_WARN_INT_CONVERSION = YES;
				CLANG_WARN_OBJC_ROOT_CLASS = YES_ERROR;
				CLANG_WARN_UNREACHABLE_CODE = YES;
				CLANG_WARN__DUPLICATE_METHOD_MATCH = YES;
				"CODE_SIGN_IDENTITY[sdk=iphoneos*]" = "iPhone Developer";
				COPY_PHASE_STRIP = NO;
				DEBUG_INFORMATION_FORMAT = "dwarf-with-dsym";
				ENABLE_NS_ASSERTIONS = NO;
				ENABLE_STRICT_OBJC_MSGSEND = YES;
				GCC_C_LANGUAGE_STANDARD = gnu99;
				GCC_NO_COMMON_BLOCKS = YES;
				GCC_WARN_64_TO_32_BIT_CONVERSION = YES;
				GCC_WARN_ABOUT_RETURN_TYPE = YES_ERROR;
				GCC_WARN_UNDECLARED_SELECTOR = YES;
				GCC_WARN_UNINITIALIZED_AUTOS = YES_AGGRESSIVE;
				GCC_WARN_UNUSED_FUNCTION = YES;
				GCC_WARN_UNUSED_VARIABLE = YES;
				IPHONEOS_DEPLOYMENT_TARGET = 9.2;
				MTL_ENABLE_DEBUG_INFO = NO;
				SDKROOT = iphoneos;
				VALIDATE_PRODUCT = YES;
			};
			name = Release;
		};
		3B879BBD1C9E788400BD8DDC /* Debug */ = {
			isa = XCBuildConfiguration;
			buildSettings = {
				ASSETCATALOG_COMPILER_APPICON_NAME = AppIcon;
				CODE_SIGN_IDENTITY = "iPhone Developer";
				"CODE_SIGN_IDENTITY[sdk=iphoneos*]" = "iPhone Developer";
				INFOPLIST_FILE = PhotoCamera/Info.plist;
				LD_RUNPATH_SEARCH_PATHS = "$(inherited) @executable_path/Frameworks";
				PRODUCT_BUNDLE_IDENTIFIER = "Mamo-Family.PhotoCamera";
				PRODUCT_NAME = EsieteCamera;
				PROVISIONING_PROFILE = "";
				TARGETED_DEVICE_FAMILY = "1,2";
			};
			name = Debug;
		};
		3B879BBE1C9E788400BD8DDC /* Release */ = {
			isa = XCBuildConfiguration;
			buildSettings = {
				ASSETCATALOG_COMPILER_APPICON_NAME = AppIcon;
				CODE_SIGN_IDENTITY = "iPhone Developer";
				"CODE_SIGN_IDENTITY[sdk=iphoneos*]" = "iPhone Developer";
				INFOPLIST_FILE = PhotoCamera/Info.plist;
				LD_RUNPATH_SEARCH_PATHS = "$(inherited) @executable_path/Frameworks";
				PRODUCT_BUNDLE_IDENTIFIER = "Mamo-Family.PhotoCamera";
				PRODUCT_NAME = EsieteCamera;
				PROVISIONING_PROFILE = "";
				TARGETED_DEVICE_FAMILY = "1,2";
			};
			name = Release;
		};
		3B879BC01C9E788400BD8DDC /* Debug */ = {
			isa = XCBuildConfiguration;
			buildSettings = {
				BUNDLE_LOADER = "$(TEST_HOST)";
				INFOPLIST_FILE = PhotoCameraTests/Info.plist;
				LD_RUNPATH_SEARCH_PATHS = "$(inherited) @executable_path/Frameworks @loader_path/Frameworks";
				PRODUCT_BUNDLE_IDENTIFIER = "Mamo-Family.PhotoCameraTests";
				PRODUCT_NAME = EsieteCamera;
				TEST_HOST = "$(BUILT_PRODUCTS_DIR)/EsieteCamera.app/EsieteCamera";
			};
			name = Debug;
		};
		3B879BC11C9E788400BD8DDC /* Release */ = {
			isa = XCBuildConfiguration;
			buildSettings = {
				BUNDLE_LOADER = "$(TEST_HOST)";
				INFOPLIST_FILE = PhotoCameraTests/Info.plist;
				LD_RUNPATH_SEARCH_PATHS = "$(inherited) @executable_path/Frameworks @loader_path/Frameworks";
				PRODUCT_BUNDLE_IDENTIFIER = "Mamo-Family.PhotoCameraTests";
				PRODUCT_NAME = EsieteCamera;
				TEST_HOST = "$(BUILT_PRODUCTS_DIR)/EsieteCamera.app/EsieteCamera";
			};
			name = Release;
		};
		3B879BC31C9E788400BD8DDC /* Debug */ = {
			isa = XCBuildConfiguration;
			buildSettings = {
				INFOPLIST_FILE = PhotoCameraUITests/Info.plist;
				LD_RUNPATH_SEARCH_PATHS = "$(inherited) @executable_path/Frameworks @loader_path/Frameworks";
				PRODUCT_BUNDLE_IDENTIFIER = "Mamo-Family.PhotoCameraUITests";
				PRODUCT_NAME = EsieteCamera;
				TEST_TARGET_NAME = PhotoCamera;
				USES_XCTRUNNER = YES;
			};
			name = Debug;
		};
		3B879BC41C9E788400BD8DDC /* Release */ = {
			isa = XCBuildConfiguration;
			buildSettings = {
				INFOPLIST_FILE = PhotoCameraUITests/Info.plist;
				LD_RUNPATH_SEARCH_PATHS = "$(inherited) @executable_path/Frameworks @loader_path/Frameworks";
				PRODUCT_BUNDLE_IDENTIFIER = "Mamo-Family.PhotoCameraUITests";
				PRODUCT_NAME = EsieteCamera;
				TEST_TARGET_NAME = PhotoCamera;
				USES_XCTRUNNER = YES;
			};
			name = Release;
		};
/* End XCBuildConfiguration section */

/* Begin XCConfigurationList section */
		3B879B8F1C9E788400BD8DDC /* Build configuration list for PBXProject "EsieteCamera" */ = {
			isa = XCConfigurationList;
			buildConfigurations = (
				3B879BBA1C9E788400BD8DDC /* Debug */,
				3B879BBB1C9E788400BD8DDC /* Release */,
			);
			defaultConfigurationIsVisible = 0;
			defaultConfigurationName = Release;
		};
		3B879BBC1C9E788400BD8DDC /* Build configuration list for PBXNativeTarget "EsieteCamera" */ = {
			isa = XCConfigurationList;
			buildConfigurations = (
				3B879BBD1C9E788400BD8DDC /* Debug */,
				3B879BBE1C9E788400BD8DDC /* Release */,
			);
			defaultConfigurationIsVisible = 0;
			defaultConfigurationName = Release;
		};
		3B879BBF1C9E788400BD8DDC /* Build configuration list for PBXNativeTarget "EsieteCameraTests" */ = {
			isa = XCConfigurationList;
			buildConfigurations = (
				3B879BC01C9E788400BD8DDC /* Debug */,
				3B879BC11C9E788400BD8DDC /* Release */,
			);
			defaultConfigurationIsVisible = 0;
			defaultConfigurationName = Release;
		};
		3B879BC21C9E788400BD8DDC /* Build configuration list for PBXNativeTarget "EsieteCameraUITests" */ = {
			isa = XCConfigurationList;
			buildConfigurations = (
				3B879BC31C9E788400BD8DDC /* Debug */,
				3B879BC41C9E788400BD8DDC /* Release */,
			);
			defaultConfigurationIsVisible = 0;
			defaultConfigurationName = Release;
		};
/* End XCConfigurationList section */
	};
	rootObject = 3B879B8C1C9E788400BD8DDC /* Project object */;
}
